
Microsoft Visual Studio Solution File, Format Version 12.00
# Visual Studio Version 17
VisualStudioVersion = 17.10.35122.118
MinimumVisualStudioVersion = 10.0.40219.1
Project("{FAE04EC0-301F-11D3-BF4B-00C04F79EFBC}") = "NúmeorosPrimos", "NúmeorosPrimos.csproj", "{1EA83245-7512-46FE-B399-0A02ED94449E}"
EndProject
Global
	GlobalSection(SolutionConfigurationPlatforms) = preSolution
		Debug|Any CPU = Debug|Any CPU
		Release|Any CPU = Release|Any CPU
	EndGlobalSection
	GlobalSection(ProjectConfigurationPlatforms) = postSolution
		{1EA83245-7512-46FE-B399-0A02ED94449E}.Debug|Any CPU.ActiveCfg = Debug|Any CPU
		{1EA83245-7512-46FE-B399-0A02ED94449E}.Debug|Any CPU.Build.0 = Debug|Any CPU
		{1EA83245-7512-46FE-B399-0A02ED94449E}.Release|Any CPU.ActiveCfg = Release|Any CPU
		{1EA83245-7512-46FE-B399-0A02ED94449E}.Release|Any CPU.Build.0 = Release|Any CPU
	EndGlobalSection
	GlobalSection(SolutionProperties) = preSolution
		HideSolutionNode = FALSE
	EndGlobalSection
	GlobalSection(ExtensibilityGlobals) = postSolution
		SolutionGuid = {2C5B4B17-1E48-4A19-AC7C-C826381C5888}
	EndGlobalSection
EndGlobal
